
Microsoft Visual Studio Solution File, Format Version 12.00
# Visual Studio Version 17
VisualStudioVersion = 17.5.002.0
MinimumVisualStudioVersion = 10.0.40219.1
Project("{9A19103F-16F7-4668-BE54-9A1E7A4F7556}") = "learning-CSharp-ui", "learning-CSharp-ui.csproj", "{DD453CDC-22D9-4F6E-A410-77E2C4302C0B}"
EndProject
Global
	GlobalSection(SolutionConfigurationPlatforms) = preSolution
		Debug|Any CPU = Debug|Any CPU
		Release|Any CPU = Release|Any CPU
	EndGlobalSection
	GlobalSection(ProjectConfigurationPlatforms) = postSolution
		{DD453CDC-22D9-4F6E-A410-77E2C4302C0B}.Debug|Any CPU.ActiveCfg = Debug|Any CPU
		{DD453CDC-22D9-4F6E-A410-77E2C4302C0B}.Debug|Any CPU.Build.0 = Debug|Any CPU
		{DD453CDC-22D9-4F6E-A410-77E2C4302C0B}.Release|Any CPU.ActiveCfg = Release|Any CPU
		{DD453CDC-22D9-4F6E-A410-77E2C4302C0B}.Release|Any CPU.Build.0 = Release|Any CPU
	EndGlobalSection
	GlobalSection(SolutionProperties) = preSolution
		HideSolutionNode = FALSE
	EndGlobalSection
	GlobalSection(ExtensibilityGlobals) = postSolution
		SolutionGuid = {EBE56738-512E-4EC9-A3E6-7BA80A04D92D}
	EndGlobalSection
EndGlobal
